
Microsoft Visual Studio Solution File, Format Version 12.00
# Visual Studio Version 17
VisualStudioVersion = 17.2.32526.322
MinimumVisualStudioVersion = 10.0.40219.1
Project("{FAE04EC0-301F-11D3-BF4B-00C04F79EFBC}") = "Gitlab2Telegram", "Gitlab2Telegram.csproj", "{6DFF0659-AE62-40CF-88F7-207AD6A2283C}"
EndProject
Global
	GlobalSection(SolutionConfigurationPlatforms) = preSolution
		Debug|Any CPU = Debug|Any CPU
		Release|Any CPU = Release|Any CPU
	EndGlobalSection
	GlobalSection(ProjectConfigurationPlatforms) = postSolution
		{6DFF0659-AE62-40CF-88F7-207AD6A2283C}.Debug|Any CPU.ActiveCfg = Debug|Any CPU
		{6DFF0659-AE62-40CF-88F7-207AD6A2283C}.Debug|Any CPU.Build.0 = Debug|Any CPU
		{6DFF0659-AE62-40CF-88F7-207AD6A2283C}.Release|Any CPU.ActiveCfg = Release|Any CPU
		{6DFF0659-AE62-40CF-88F7-207AD6A2283C}.Release|Any CPU.Build.0 = Release|Any CPU
	EndGlobalSection
	GlobalSection(SolutionProperties) = preSolution
		HideSolutionNode = FALSE
	EndGlobalSection
	GlobalSection(ExtensibilityGlobals) = postSolution
		SolutionGuid = {A5CE5461-D1B0-4430-95FA-B294BCF47D92}
	EndGlobalSection
EndGlobal
